// !$*UTF8*$!
{
	archiveVersion = 1;
	classes = {
	};
	objectVersion = 46;
	objects = {

/* Begin PBXBuildFile section */
		470442C03B08432AC6510192 /* LaunchScreen.storyboard in Resources */ = {isa = PBXBuildFile; fileRef = 470446E43858253753370E5C /* LaunchScreen.storyboard */; };
		4704449F959C6018CD618D01 /* CreateTodoViewController.kt in Resources */ = {isa = PBXBuildFile; fileRef = 47044F50AC0E868484C54558 /* CreateTodoViewController.kt */; };
		4704475378526223CC2755DA /* Main.storyboard in Resources */ = {isa = PBXBuildFile; fileRef = 470449CF5E3F33542984B060 /* Main.storyboard */; };
		47044CD73448BB3E466BEB80 /* Assets.xcassets in Resources */ = {isa = PBXBuildFile; fileRef = 470444D4F1004F31F83BF13D /* Assets.xcassets */; };
/* End PBXBuildFile section */

/* Begin PBXFileReference section */
		470440BE326562DC8CD8DDCF /* ViewController.kt */ = {isa = PBXFileReference; lastKnownFileType = file.kt; path = ViewController.kt; sourceTree = "<group>"; };
		470443BF6BDC69C500E83CC3 /* gradle-wrapper.jar */ = {isa = PBXFileReference; lastKnownFileType = archive.jar; path = "gradle-wrapper.jar"; sourceTree = "<group>"; };
		47044408214D65CFE9BDFE03 /* AppDelegate.kt */ = {isa = PBXFileReference; lastKnownFileType = file.kt; path = AppDelegate.kt; sourceTree = "<group>"; };
		470444D4F1004F31F83BF13D /* Assets.xcassets */ = {isa = PBXFileReference; lastKnownFileType = folder.assetcatalog; path = Assets.xcassets; sourceTree = "<group>"; };
		47044681EC7D5F58030AB6F1 /* build.gradle */ = {isa = PBXFileReference; lastKnownFileType = file.gradle; path = build.gradle; sourceTree = "<group>"; };
		4704468FCC56223FBC850DED /* Base */ = {isa = PBXFileReference; lastKnownFileType = file.storyboard; name = Base; path = Base.lproj/Main.storyboard; sourceTree = "<group>"; };
		4704470A972C306E6E5BBD7C /* gradlew */ = {isa = PBXFileReference; lastKnownFileType = text; path = gradlew; sourceTree = "<group>"; };
		4704478276BE1D5790181F99 /* Info.plist */ = {isa = PBXFileReference; lastKnownFileType = text.plist.info; path = Info.plist; sourceTree = "<group>"; };
		4704490A3A8B7C1C2C325037 /* gradle-wrapper.properties */ = {isa = PBXFileReference; lastKnownFileType = file.properties; path = "gradle-wrapper.properties"; sourceTree = "<group>"; };
		47044E25DB95A0EF51AE392C /* Base */ = {isa = PBXFileReference; lastKnownFileType = file.storyboard; name = Base; path = Base.lproj/LaunchScreen.storyboard; sourceTree = "<group>"; };
		47044E74D3C25D335620B8A9 /* main.kt */ = {isa = PBXFileReference; lastKnownFileType = file.kt; path = main.kt; sourceTree = "<group>"; };
		47044F50AC0E868484C54558 /* CreateTodoViewController.kt */ = {isa = PBXFileReference; lastKnownFileType = file.kt; path = CreateTodoViewController.kt; sourceTree = "<group>"; };
		47044FF8BC8487A8730BFE17 /* TodoList.app */ = {isa = PBXFileReference; explicitFileType = wrapper.application; includeInIndex = 0; path = TodoList.app; sourceTree = BUILT_PRODUCTS_DIR; };
/* End PBXFileReference section */

/* Begin PBXFrameworksBuildPhase section */
		47044064FB4F530E216D931A /* Frameworks */ = {
			isa = PBXFrameworksBuildPhase;
			buildActionMask = 2147483647;
			files = (
			);
			runOnlyForDeploymentPostprocessing = 0;
		};
/* End PBXFrameworksBuildPhase section */

/* Begin PBXGroup section */
		470441DA742A562BCAADC8D7 /* Supporting Files */ = {
			isa = PBXGroup;
			children = (
				47044681EC7D5F58030AB6F1 /* build.gradle */,
				4704470A972C306E6E5BBD7C /* gradlew */,
				47044E3F79315A965E1A31BB /* gradle */,
			);
			name = "Supporting Files";
			sourceTree = "<group>";
		};
		470445840DFD349A510C91E5 /* TodoList */ = {
			isa = PBXGroup;
			children = (
				470441DA742A562BCAADC8D7 /* Supporting Files */,
				4704478276BE1D5790181F99 /* Info.plist */,
				470444D4F1004F31F83BF13D /* Assets.xcassets */,
				470446E43858253753370E5C /* LaunchScreen.storyboard */,
				470449CF5E3F33542984B060 /* Main.storyboard */,
				47044EBEC6DD9C899D2E007C /* src */,
			);
			path = TodoList;
			sourceTree = "<group>";
		};
		4704488351483EF3E5CE8443 /* main */ = {
			isa = PBXGroup;
			children = (
				470449A98370481F1B2DBBDB /* kotlin */,
			);
			path = main;
			sourceTree = "<group>";
		};
		470449A98370481F1B2DBBDB /* kotlin */ = {
			isa = PBXGroup;
			children = (
				47044408214D65CFE9BDFE03 /* AppDelegate.kt */,
				470440BE326562DC8CD8DDCF /* ViewController.kt */,
				47044E74D3C25D335620B8A9 /* main.kt */,
				47044F50AC0E868484C54558 /* CreateTodoViewController.kt */,
			);
			path = kotlin;
			sourceTree = "<group>";
		};
		47044A402B6230339CE6D359 /* Products */ = {
			isa = PBXGroup;
			children = (
				47044FF8BC8487A8730BFE17 /* TodoList.app */,
			);
			name = Products;
			sourceTree = "<group>";
		};
		47044A56329DB59BCFBE7226 = {
			isa = PBXGroup;
			children = (
				47044A402B6230339CE6D359 /* Products */,
				470445840DFD349A510C91E5 /* TodoList */,
			);
			sourceTree = "<group>";
		};
		47044E33269C460C9586F0FD /* wrapper */ = {
			isa = PBXGroup;
			children = (
				4704490A3A8B7C1C2C325037 /* gradle-wrapper.properties */,
				470443BF6BDC69C500E83CC3 /* gradle-wrapper.jar */,
			);
			path = wrapper;
			sourceTree = "<group>";
		};
		47044E3F79315A965E1A31BB /* gradle */ = {
			isa = PBXGroup;
			children = (
				47044E33269C460C9586F0FD /* wrapper */,
			);
			path = gradle;
			sourceTree = "<group>";
		};
		47044EBEC6DD9C899D2E007C /* src */ = {
			isa = PBXGroup;
			children = (
				4704488351483EF3E5CE8443 /* main */,
			);
			path = src;
			sourceTree = "<group>";
		};
/* End PBXGroup section */

/* Begin PBXNativeTarget section */
		47044D6E535D3A5DC78CD9BE /* TodoList */ = {
			isa = PBXNativeTarget;
			buildConfigurationList = 4704497FED4D0D64C919B90F /* Build configuration list for PBXNativeTarget "TodoList" */;
			buildPhases = (
				47044152F638507696C5EAB3 /* Sources */,
				47044064FB4F530E216D931A /* Frameworks */,
				47044B53A8A80248EA891756 /* Resources */,
				4704474C67E2E98D5D821199 /* Compile Kotlin/Native */,
			);
			buildRules = (
			);
			dependencies = (
			);
			name = TodoList;
			productName = TodoList;
			productReference = 47044FF8BC8487A8730BFE17 /* TodoList.app */;
			productType = "com.apple.product-type.application";
		};
/* End PBXNativeTarget section */

/* Begin PBXProject section */
		47044EB9A910FAFE1B82F042 /* Project object */ = {
			isa = PBXProject;
			attributes = {
				ORGANIZATIONNAME = "___FULLUSERNAME___";
				TargetAttributes = {
					47044D6E535D3A5DC78CD9BE = {
						LastSwiftMigration = 0930;
					};
				};
			};
			buildConfigurationList = 470446D0BB6E1CDB6EA36A7C /* Build configuration list for PBXProject "TodoList" */;
			compatibilityVersion = "Xcode 3.2";
			developmentRegion = English;
			hasScannedForEncodings = 0;
			knownRegions = (
				en,
			);
			mainGroup = 47044A56329DB59BCFBE7226;
			productRefGroup = 47044A402B6230339CE6D359 /* Products */;
			projectDirPath = "";
			projectRoot = "";
			targets = (
				47044D6E535D3A5DC78CD9BE /* TodoList */,
			);
		};
/* End PBXProject section */

/* Begin PBXResourcesBuildPhase section */
		47044B53A8A80248EA891756 /* Resources */ = {
			isa = PBXResourcesBuildPhase;
			buildActionMask = 2147483647;
			files = (
				47044CD73448BB3E466BEB80 /* Assets.xcassets in Resources */,
				470442C03B08432AC6510192 /* LaunchScreen.storyboard in Resources */,
				4704475378526223CC2755DA /* Main.storyboard in Resources */,
				4704449F959C6018CD618D01 /* CreateTodoViewController.kt in Resources */,
			);
			runOnlyForDeploymentPostprocessing = 0;
		};
/* End PBXResourcesBuildPhase section */

/* Begin PBXShellScriptBuildPhase section */
		4704474C67E2E98D5D821199 /* Compile Kotlin/Native */ = {
			isa = PBXShellScriptBuildPhase;
			buildActionMask = 2147483647;
			files = (
			);
			inputPaths = (
			);
			name = "Compile Kotlin/Native";
			outputPaths = (
			);
			runOnlyForDeploymentPostprocessing = 0;
			shellPath = /bin/sh;
			shellScript = "rm -f \"$TARGET_BUILD_DIR/$EXECUTABLE_PATH\"\ncd \"$SRCROOT/$KONAN_PACKAGE_NAME\"; sh -c \". ./gradlew --no-daemon -Pkonan.useEnvironmentVariables=true $KONAN_TASK\"\ncp \"$TARGET_BUILD_DIR/$KONAN_PACKAGE_NAME.kexe\" \"$TARGET_BUILD_DIR/$EXECUTABLE_PATH\"";
		};
/* End PBXShellScriptBuildPhase section */

/* Begin PBXSourcesBuildPhase section */
		47044152F638507696C5EAB3 /* Sources */ = {
			isa = PBXSourcesBuildPhase;
			buildActionMask = 2147483647;
			files = (
			);
			runOnlyForDeploymentPostprocessing = 0;
		};
/* End PBXSourcesBuildPhase section */

/* Begin PBXVariantGroup section */
		470446E43858253753370E5C /* LaunchScreen.storyboard */ = {
			isa = PBXVariantGroup;
			children = (
				47044E25DB95A0EF51AE392C /* Base */,
			);
			name = LaunchScreen.storyboard;
			sourceTree = "<group>";
		};
		470449CF5E3F33542984B060 /* Main.storyboard */ = {
			isa = PBXVariantGroup;
			children = (
				4704468FCC56223FBC850DED /* Base */,
			);
			name = Main.storyboard;
			sourceTree = "<group>";
		};
/* End PBXVariantGroup section */

/* Begin XCBuildConfiguration section */
		470444EC49F9444B2C65136E /* Debug */ = {
			isa = XCBuildConfiguration;
			buildSettings = {
				ALWAYS_SEARCH_USER_PATHS = NO;
				CLANG_ANALYZER_NONNULL = YES;
				CLANG_ANALYZER_NUMBER_OBJECT_CONVERSION = YES_AGGRESSIVE;
				CLANG_CXX_LANGUAGE_STANDARD = "gnu++14";
				CLANG_CXX_LIBRARY = "libc++";
				CLANG_ENABLE_MODULES = YES;
				CLANG_ENABLE_OBJC_ARC = YES;
				CLANG_ENABLE_OBJC_WEAK = YES;
				CLANG_WARN_BLOCK_CAPTURE_AUTORELEASING = YES;
				CLANG_WARN_BOOL_CONVERSION = YES;
				CLANG_WARN_COMMA = YES;
				CLANG_WARN_CONSTANT_CONVERSION = YES;
				CLANG_WARN_DEPRECATED_OBJC_IMPLEMENTATIONS = YES;
				CLANG_WARN_DIRECT_OBJC_ISA_USAGE = YES_ERROR;
				CLANG_WARN_DOCUMENTATION_COMMENTS = YES;
				CLANG_WARN_EMPTY_BODY = YES;
				CLANG_WARN_ENUM_CONVERSION = YES;
				CLANG_WARN_INFINITE_RECURSION = YES;
				CLANG_WARN_INT_CONVERSION = YES;
				CLANG_WARN_NON_LITERAL_NULL_CONVERSION = YES;
				CLANG_WARN_OBJC_IMPLICIT_RETAIN_SELF = YES;
				CLANG_WARN_OBJC_LITERAL_CONVERSION = YES;
				CLANG_WARN_OBJC_ROOT_CLASS = YES_ERROR;
				CLANG_WARN_RANGE_LOOP_ANALYSIS = YES;
				CLANG_WARN_STRICT_PROTOTYPES = YES;
				CLANG_WARN_SUSPICIOUS_MOVE = YES;
				CLANG_WARN_UNGUARDED_AVAILABILITY = YES_AGGRESSIVE;
				CLANG_WARN_UNREACHABLE_CODE = YES;
				CLANG_WARN__DUPLICATE_METHOD_MATCH = YES;
				CODE_SIGN_IDENTITY = "iPhone Developer";
				COPY_PHASE_STRIP = NO;
				DEBUG_INFORMATION_FORMAT = dwarf;
				ENABLE_STRICT_OBJC_MSGSEND = YES;
				ENABLE_TESTABILITY = YES;
				GCC_C_LANGUAGE_STANDARD = gnu11;
				GCC_DYNAMIC_NO_PIC = NO;
				GCC_NO_COMMON_BLOCKS = YES;
				GCC_OPTIMIZATION_LEVEL = 0;
				GCC_PREPROCESSOR_DEFINITIONS = (
					"DEBUG=1",
					"$(inherited)",
				);
				GCC_WARN_64_TO_32_BIT_CONVERSION = YES;
				GCC_WARN_ABOUT_RETURN_TYPE = YES_ERROR;
				GCC_WARN_UNDECLARED_SELECTOR = YES;
				GCC_WARN_UNINITIALIZED_AUTOS = YES_AGGRESSIVE;
				GCC_WARN_UNUSED_FUNCTION = YES;
				GCC_WARN_UNUSED_VARIABLE = YES;
				IPHONEOS_DEPLOYMENT_TARGET = 11.3;
				MTL_ENABLE_DEBUG_INFO = YES;
				ONLY_ACTIVE_ARCH = YES;
				SDKROOT = iphoneos;
			};
			name = Debug;
		};
		4704457647D8CEC32EE00423 /* Release */ = {
			isa = XCBuildConfiguration;
			buildSettings = {
				ASSETCATALOG_COMPILER_APPICON_NAME = AppIcon;
				CLANG_ENABLE_MODULES = YES;
				INFOPLIST_FILE = TodoList/Info.plist;
				KONAN_ENABLE_OPTIMIZATIONS = YES;
				KONAN_PACKAGE_NAME = TodoList;
				"KONAN_TASK[sdk=iphoneos*]" = "compileKonan$(TARGET_NAME:c99extidentifier)Ios_arm64";
				"KONAN_TASK[sdk=iphonesimulator*]" = "compileKonan$(TARGET_NAME:c99extidentifier)Ios_x64";
				LD_RUNPATH_SEARCH_PATHS = "$(inherited) @executable_path/Frameworks";
				PRODUCT_BUNDLE_IDENTIFIER = com.ahed.kotlin.TodoList;
				PRODUCT_NAME = "$(TARGET_NAME)";
				SWIFT_VERSION = 3.0;
				TARGETED_DEVICE_FAMILY = "1,2";
				VALID_ARCHS = arm64;
			};
			name = Release;
		};
		470449475A8891F7843722C2 /* Release */ = {
			isa = XCBuildConfiguration;
			buildSettings = {
				ALWAYS_SEARCH_USER_PATHS = NO;
				CLANG_ANALYZER_NONNULL = YES;
				CLANG_ANALYZER_NUMBER_OBJECT_CONVERSION = YES_AGGRESSIVE;
				CLANG_CXX_LANGUAGE_STANDARD = "gnu++14";
				CLANG_CXX_LIBRARY = "libc++";
				CLANG_ENABLE_MODULES = YES;
				CLANG_ENABLE_OBJC_ARC = YES;
				CLANG_ENABLE_OBJC_WEAK = YES;
				CLANG_WARN_BLOCK_CAPTURE_AUTORELEASING = YES;
				CLANG_WARN_BOOL_CONVERSION = YES;
				CLANG_WARN_COMMA = YES;
				CLANG_WARN_CONSTANT_CONVERSION = YES;
				CLANG_WARN_DEPRECATED_OBJC_IMPLEMENTATIONS = YES;
				CLANG_WARN_DIRECT_OBJC_ISA_USAGE = YES_ERROR;
				CLANG_WARN_DOCUMENTATION_COMMENTS = YES;
				CLANG_WARN_EMPTY_BODY = YES;
				CLANG_WARN_ENUM_CONVERSION = YES;
				CLANG_WARN_INFINITE_RECURSION = YES;
				CLANG_WARN_INT_CONVERSION = YES;
				CLANG_WARN_NON_LITERAL_NULL_CONVERSION = YES;
				CLANG_WARN_OBJC_IMPLICIT_RETAIN_SELF = YES;
				CLANG_WARN_OBJC_LITERAL_CONVERSION = YES;
				CLANG_WARN_OBJC_ROOT_CLASS = YES_ERROR;
				CLANG_WARN_RANGE_LOOP_ANALYSIS = YES;
				CLANG_WARN_STRICT_PROTOTYPES = YES;
				CLANG_WARN_SUSPICIOUS_MOVE = YES;
				CLANG_WARN_UNGUARDED_AVAILABILITY = YES_AGGRESSIVE;
				CLANG_WARN_UNREACHABLE_CODE = YES;
				CLANG_WARN__DUPLICATE_METHOD_MATCH = YES;
				CODE_SIGN_IDENTITY = "iPhone Developer";
				COPY_PHASE_STRIP = NO;
				DEBUG_INFORMATION_FORMAT = "dwarf-with-dsym";
				ENABLE_NS_ASSERTIONS = NO;
				ENABLE_STRICT_OBJC_MSGSEND = YES;
				GCC_C_LANGUAGE_STANDARD = gnu11;
				GCC_NO_COMMON_BLOCKS = YES;
				GCC_WARN_64_TO_32_BIT_CONVERSION = YES;
				GCC_WARN_ABOUT_RETURN_TYPE = YES_ERROR;
				GCC_WARN_UNDECLARED_SELECTOR = YES;
				GCC_WARN_UNINITIALIZED_AUTOS = YES_AGGRESSIVE;
				GCC_WARN_UNUSED_FUNCTION = YES;
				GCC_WARN_UNUSED_VARIABLE = YES;
				IPHONEOS_DEPLOYMENT_TARGET = 11.3;
				MTL_ENABLE_DEBUG_INFO = NO;
				SDKROOT = iphoneos;
				VALIDATE_PRODUCT = YES;
			};
			name = Release;
		};
		47044B1DBD9A77251A1FA072 /* Debug */ = {
			isa = XCBuildConfiguration;
			buildSettings = {
				ASSETCATALOG_COMPILER_APPICON_NAME = AppIcon;
				CLANG_ENABLE_MODULES = YES;
				INFOPLIST_FILE = TodoList/Info.plist;
				KONAN_ENABLE_OPTIMIZATIONS = NO;
				KONAN_PACKAGE_NAME = TodoList;
				"KONAN_TASK[sdk=iphoneos*]" = "compileKonan$(TARGET_NAME:c99extidentifier)Ios_arm64";
				"KONAN_TASK[sdk=iphonesimulator*]" = "compileKonan$(TARGET_NAME:c99extidentifier)Ios_x64";
				LD_RUNPATH_SEARCH_PATHS = "$(inherited) @executable_path/Frameworks";
				PRODUCT_BUNDLE_IDENTIFIER = com.ahed.kotlin.TodoList;
				PRODUCT_NAME = "$(TARGET_NAME)";
				SWIFT_OPTIMIZATION_LEVEL = "-Onone";
				SWIFT_VERSION = 3.0;
				TARGETED_DEVICE_FAMILY = "1,2";
				VALID_ARCHS = arm64;
			};
			name = Debug;
		};
/* End XCBuildConfiguration section */

/* Begin XCConfigurationList section */
		470446D0BB6E1CDB6EA36A7C /* Build configuration list for PBXProject "TodoList" */ = {
			isa = XCConfigurationList;
			buildConfigurations = (
				470444EC49F9444B2C65136E /* Debug */,
				470449475A8891F7843722C2 /* Release */,
			);
			defaultConfigurationIsVisible = 0;
			defaultConfigurationName = Release;
		};
		4704497FED4D0D64C919B90F /* Build configuration list for PBXNativeTarget "TodoList" */ = {
			isa = XCConfigurationList;
			buildConfigurations = (
				47044B1DBD9A77251A1FA072 /* Debug */,
				4704457647D8CEC32EE00423 /* Release */,
			);
			defaultConfigurationIsVisible = 0;
			defaultConfigurationName = Release;
		};
/* End XCConfigurationList section */
	};
	rootObject = 47044EB9A910FAFE1B82F042 /* Project object */;
}
